
Microsoft Visual Studio Solution File, Format Version 12.00
# Visual Studio Version 17
VisualStudioVersion = 17.8.34511.84
MinimumVisualStudioVersion = 10.0.40219.1
Project("{FAE04EC0-301F-11D3-BF4B-00C04F79EFBC}") = "DesafioListaCalculadoraDeMedia", "DesafioListaII\DesafioListaCalculadoraDeMedia.csproj", "{B835C545-738C-455B-BA76-8279EE581F64}"
EndProject
Global
	GlobalSection(SolutionConfigurationPlatforms) = preSolution
		Debug|Any CPU = Debug|Any CPU
		Release|Any CPU = Release|Any CPU
	EndGlobalSection
	GlobalSection(ProjectConfigurationPlatforms) = postSolution
		{B835C545-738C-455B-BA76-8279EE581F64}.Debug|Any CPU.ActiveCfg = Debug|Any CPU
		{B835C545-738C-455B-BA76-8279EE581F64}.Debug|Any CPU.Build.0 = Debug|Any CPU
		{B835C545-738C-455B-BA76-8279EE581F64}.Release|Any CPU.ActiveCfg = Release|Any CPU
		{B835C545-738C-455B-BA76-8279EE581F64}.Release|Any CPU.Build.0 = Release|Any CPU
	EndGlobalSection
	GlobalSection(SolutionProperties) = preSolution
		HideSolutionNode = FALSE
	EndGlobalSection
	GlobalSection(ExtensibilityGlobals) = postSolution
		SolutionGuid = {34D41B1A-104A-45E3-9116-2219B5DD3B36}
	EndGlobalSection
EndGlobal
