
Microsoft Visual Studio Solution File, Format Version 12.00
# Visual Studio Version 17
VisualStudioVersion = 17.8.34511.84
MinimumVisualStudioVersion = 10.0.40219.1
Project("{FAE04EC0-301F-11D3-BF4B-00C04F79EFBC}") = "ExercicioPOO2", "ExercicioPOO2\ExercicioPOO2.csproj", "{2BDC8AA7-B26D-4656-B180-20D133048430}"
EndProject
Global
	GlobalSection(SolutionConfigurationPlatforms) = preSolution
		Debug|Any CPU = Debug|Any CPU
		Release|Any CPU = Release|Any CPU
	EndGlobalSection
	GlobalSection(ProjectConfigurationPlatforms) = postSolution
		{2BDC8AA7-B26D-4656-B180-20D133048430}.Debug|Any CPU.ActiveCfg = Debug|Any CPU
		{2BDC8AA7-B26D-4656-B180-20D133048430}.Debug|Any CPU.Build.0 = Debug|Any CPU
		{2BDC8AA7-B26D-4656-B180-20D133048430}.Release|Any CPU.ActiveCfg = Release|Any CPU
		{2BDC8AA7-B26D-4656-B180-20D133048430}.Release|Any CPU.Build.0 = Release|Any CPU
	EndGlobalSection
	GlobalSection(SolutionProperties) = preSolution
		HideSolutionNode = FALSE
	EndGlobalSection
	GlobalSection(ExtensibilityGlobals) = postSolution
		SolutionGuid = {2B3CC5FA-ADEC-44DA-B7C4-C156586A36CB}
	EndGlobalSection
EndGlobal
