
Microsoft Visual Studio Solution File, Format Version 12.00
# Visual Studio Version 17
VisualStudioVersion = 17.8.34511.84
MinimumVisualStudioVersion = 10.0.40219.1
Project("{FAE04EC0-301F-11D3-BF4B-00C04F79EFBC}") = "ExercicioPOO3", "ExercicioPOO3\ExercicioPOO3.csproj", "{2DA0A124-80C9-4DE1-AB9F-8D723D088D15}"
EndProject
Global
	GlobalSection(SolutionConfigurationPlatforms) = preSolution
		Debug|Any CPU = Debug|Any CPU
		Release|Any CPU = Release|Any CPU
	EndGlobalSection
	GlobalSection(ProjectConfigurationPlatforms) = postSolution
		{2DA0A124-80C9-4DE1-AB9F-8D723D088D15}.Debug|Any CPU.ActiveCfg = Debug|Any CPU
		{2DA0A124-80C9-4DE1-AB9F-8D723D088D15}.Debug|Any CPU.Build.0 = Debug|Any CPU
		{2DA0A124-80C9-4DE1-AB9F-8D723D088D15}.Release|Any CPU.ActiveCfg = Release|Any CPU
		{2DA0A124-80C9-4DE1-AB9F-8D723D088D15}.Release|Any CPU.Build.0 = Release|Any CPU
	EndGlobalSection
	GlobalSection(SolutionProperties) = preSolution
		HideSolutionNode = FALSE
	EndGlobalSection
	GlobalSection(ExtensibilityGlobals) = postSolution
		SolutionGuid = {56E75B4A-1D25-46B6-BAA7-7DD9D6724C02}
	EndGlobalSection
EndGlobal
