
Microsoft Visual Studio Solution File, Format Version 12.00
# Visual Studio Version 17
VisualStudioVersion = 17.8.34511.84
MinimumVisualStudioVersion = 10.0.40219.1
Project("{FAE04EC0-301F-11D3-BF4B-00C04F79EFBC}") = "ExercicioPOO5", "ExercicioPOO5\ExercicioPOO5.csproj", "{F5543C5A-151F-4295-B3ED-18883C0287E5}"
EndProject
Global
	GlobalSection(SolutionConfigurationPlatforms) = preSolution
		Debug|Any CPU = Debug|Any CPU
		Release|Any CPU = Release|Any CPU
	EndGlobalSection
	GlobalSection(ProjectConfigurationPlatforms) = postSolution
		{F5543C5A-151F-4295-B3ED-18883C0287E5}.Debug|Any CPU.ActiveCfg = Debug|Any CPU
		{F5543C5A-151F-4295-B3ED-18883C0287E5}.Debug|Any CPU.Build.0 = Debug|Any CPU
		{F5543C5A-151F-4295-B3ED-18883C0287E5}.Release|Any CPU.ActiveCfg = Release|Any CPU
		{F5543C5A-151F-4295-B3ED-18883C0287E5}.Release|Any CPU.Build.0 = Release|Any CPU
	EndGlobalSection
	GlobalSection(SolutionProperties) = preSolution
		HideSolutionNode = FALSE
	EndGlobalSection
	GlobalSection(ExtensibilityGlobals) = postSolution
		SolutionGuid = {FF8FC522-3028-4D21-82B0-B2E4D06C0BBE}
	EndGlobalSection
EndGlobal
