
Microsoft Visual Studio Solution File, Format Version 12.00
# Visual Studio Version 17
VisualStudioVersion = 17.8.34511.84
MinimumVisualStudioVersion = 10.0.40219.1
Project("{FAE04EC0-301F-11D3-BF4B-00C04F79EFBC}") = "ExercicioMembrosEstaticos", "ExercicioMembrosEstaticos\ExercicioMembrosEstaticos.csproj", "{87699D09-02B7-4902-87FB-CDCD956A620E}"
EndProject
Global
	GlobalSection(SolutionConfigurationPlatforms) = preSolution
		Debug|Any CPU = Debug|Any CPU
		Release|Any CPU = Release|Any CPU
	EndGlobalSection
	GlobalSection(ProjectConfigurationPlatforms) = postSolution
		{87699D09-02B7-4902-87FB-CDCD956A620E}.Debug|Any CPU.ActiveCfg = Debug|Any CPU
		{87699D09-02B7-4902-87FB-CDCD956A620E}.Debug|Any CPU.Build.0 = Debug|Any CPU
		{87699D09-02B7-4902-87FB-CDCD956A620E}.Release|Any CPU.ActiveCfg = Release|Any CPU
		{87699D09-02B7-4902-87FB-CDCD956A620E}.Release|Any CPU.Build.0 = Release|Any CPU
	EndGlobalSection
	GlobalSection(SolutionProperties) = preSolution
		HideSolutionNode = FALSE
	EndGlobalSection
	GlobalSection(ExtensibilityGlobals) = postSolution
		SolutionGuid = {6098DA57-E521-4CE7-9AD8-B842D2C6B993}
	EndGlobalSection
EndGlobal
