
Microsoft Visual Studio Solution File, Format Version 12.00
# Visual Studio Version 17
VisualStudioVersion = 17.8.34511.84
MinimumVisualStudioVersion = 10.0.40219.1
Project("{FAE04EC0-301F-11D3-BF4B-00C04F79EFBC}") = "Nullable", "Nullable\Nullable.csproj", "{71C1E237-28AB-4B02-A5E3-A2BEA1D1F966}"
EndProject
Global
	GlobalSection(SolutionConfigurationPlatforms) = preSolution
		Debug|Any CPU = Debug|Any CPU
		Release|Any CPU = Release|Any CPU
	EndGlobalSection
	GlobalSection(ProjectConfigurationPlatforms) = postSolution
		{71C1E237-28AB-4B02-A5E3-A2BEA1D1F966}.Debug|Any CPU.ActiveCfg = Debug|Any CPU
		{71C1E237-28AB-4B02-A5E3-A2BEA1D1F966}.Debug|Any CPU.Build.0 = Debug|Any CPU
		{71C1E237-28AB-4B02-A5E3-A2BEA1D1F966}.Release|Any CPU.ActiveCfg = Release|Any CPU
		{71C1E237-28AB-4B02-A5E3-A2BEA1D1F966}.Release|Any CPU.Build.0 = Release|Any CPU
	EndGlobalSection
	GlobalSection(SolutionProperties) = preSolution
		HideSolutionNode = FALSE
	EndGlobalSection
	GlobalSection(ExtensibilityGlobals) = postSolution
		SolutionGuid = {7976271B-7EDC-4B47-A08C-46B3C5BF9232}
	EndGlobalSection
EndGlobal
