
Microsoft Visual Studio Solution File, Format Version 12.00
# Visual Studio Version 17
VisualStudioVersion = 17.8.34511.84
MinimumVisualStudioVersion = 10.0.40219.1
Project("{FAE04EC0-301F-11D3-BF4B-00C04F79EFBC}") = "ExercicioHeranca", "ExercicioHeranca\ExercicioHeranca.csproj", "{37857C60-B3AB-4549-AF1B-F0C61313AAFF}"
EndProject
Global
	GlobalSection(SolutionConfigurationPlatforms) = preSolution
		Debug|Any CPU = Debug|Any CPU
		Release|Any CPU = Release|Any CPU
	EndGlobalSection
	GlobalSection(ProjectConfigurationPlatforms) = postSolution
		{37857C60-B3AB-4549-AF1B-F0C61313AAFF}.Debug|Any CPU.ActiveCfg = Debug|Any CPU
		{37857C60-B3AB-4549-AF1B-F0C61313AAFF}.Debug|Any CPU.Build.0 = Debug|Any CPU
		{37857C60-B3AB-4549-AF1B-F0C61313AAFF}.Release|Any CPU.ActiveCfg = Release|Any CPU
		{37857C60-B3AB-4549-AF1B-F0C61313AAFF}.Release|Any CPU.Build.0 = Release|Any CPU
	EndGlobalSection
	GlobalSection(SolutionProperties) = preSolution
		HideSolutionNode = FALSE
	EndGlobalSection
	GlobalSection(ExtensibilityGlobals) = postSolution
		SolutionGuid = {BB1C86BB-7F2A-41B6-A8B3-70D427BE9AC0}
	EndGlobalSection
EndGlobal
