
Microsoft Visual Studio Solution File, Format Version 12.00
# Visual Studio Version 17
VisualStudioVersion = 17.8.34511.84
MinimumVisualStudioVersion = 10.0.40219.1
Project("{FAE04EC0-301F-11D3-BF4B-00C04F79EFBC}") = "Properties", "Properties\Properties.csproj", "{AFE7BBBD-18C3-4ECA-AEA0-8D8E07E481A8}"
EndProject
Global
	GlobalSection(SolutionConfigurationPlatforms) = preSolution
		Debug|Any CPU = Debug|Any CPU
		Release|Any CPU = Release|Any CPU
	EndGlobalSection
	GlobalSection(ProjectConfigurationPlatforms) = postSolution
		{AFE7BBBD-18C3-4ECA-AEA0-8D8E07E481A8}.Debug|Any CPU.ActiveCfg = Debug|Any CPU
		{AFE7BBBD-18C3-4ECA-AEA0-8D8E07E481A8}.Debug|Any CPU.Build.0 = Debug|Any CPU
		{AFE7BBBD-18C3-4ECA-AEA0-8D8E07E481A8}.Release|Any CPU.ActiveCfg = Release|Any CPU
		{AFE7BBBD-18C3-4ECA-AEA0-8D8E07E481A8}.Release|Any CPU.Build.0 = Release|Any CPU
	EndGlobalSection
	GlobalSection(SolutionProperties) = preSolution
		HideSolutionNode = FALSE
	EndGlobalSection
	GlobalSection(ExtensibilityGlobals) = postSolution
		SolutionGuid = {6E1CFFFA-49F3-4179-89FC-6C6313C1E801}
	EndGlobalSection
EndGlobal
