
Microsoft Visual Studio Solution File, Format Version 12.00
# Visual Studio Version 17
VisualStudioVersion = 17.8.34511.84
MinimumVisualStudioVersion = 10.0.40219.1
Project("{FAE04EC0-301F-11D3-BF4B-00C04F79EFBC}") = "Path", "Path\Path.csproj", "{B6D5A6FB-6C2B-4B0B-BF19-5F4803E4C8BF}"
EndProject
Global
	GlobalSection(SolutionConfigurationPlatforms) = preSolution
		Debug|Any CPU = Debug|Any CPU
		Release|Any CPU = Release|Any CPU
	EndGlobalSection
	GlobalSection(ProjectConfigurationPlatforms) = postSolution
		{B6D5A6FB-6C2B-4B0B-BF19-5F4803E4C8BF}.Debug|Any CPU.ActiveCfg = Debug|Any CPU
		{B6D5A6FB-6C2B-4B0B-BF19-5F4803E4C8BF}.Debug|Any CPU.Build.0 = Debug|Any CPU
		{B6D5A6FB-6C2B-4B0B-BF19-5F4803E4C8BF}.Release|Any CPU.ActiveCfg = Release|Any CPU
		{B6D5A6FB-6C2B-4B0B-BF19-5F4803E4C8BF}.Release|Any CPU.Build.0 = Release|Any CPU
	EndGlobalSection
	GlobalSection(SolutionProperties) = preSolution
		HideSolutionNode = FALSE
	EndGlobalSection
	GlobalSection(ExtensibilityGlobals) = postSolution
		SolutionGuid = {62851848-99E4-47F3-9B4B-37236C990E30}
	EndGlobalSection
EndGlobal
