
Microsoft Visual Studio Solution File, Format Version 12.00
# Visual Studio Version 17
VisualStudioVersion = 17.8.34511.84
MinimumVisualStudioVersion = 10.0.40219.1
Project("{FAE04EC0-301F-11D3-BF4B-00C04F79EFBC}") = "ExercicioImposto", "ExercicioImposto\ExercicioImposto.csproj", "{03A698BF-717A-4C91-BEDC-54835B3D6440}"
EndProject
Global
	GlobalSection(SolutionConfigurationPlatforms) = preSolution
		Debug|Any CPU = Debug|Any CPU
		Release|Any CPU = Release|Any CPU
	EndGlobalSection
	GlobalSection(ProjectConfigurationPlatforms) = postSolution
		{03A698BF-717A-4C91-BEDC-54835B3D6440}.Debug|Any CPU.ActiveCfg = Debug|Any CPU
		{03A698BF-717A-4C91-BEDC-54835B3D6440}.Debug|Any CPU.Build.0 = Debug|Any CPU
		{03A698BF-717A-4C91-BEDC-54835B3D6440}.Release|Any CPU.ActiveCfg = Release|Any CPU
		{03A698BF-717A-4C91-BEDC-54835B3D6440}.Release|Any CPU.Build.0 = Release|Any CPU
	EndGlobalSection
	GlobalSection(SolutionProperties) = preSolution
		HideSolutionNode = FALSE
	EndGlobalSection
	GlobalSection(ExtensibilityGlobals) = postSolution
		SolutionGuid = {5661CEEC-19D2-426A-896D-4E5CF9FF62B4}
	EndGlobalSection
EndGlobal
