
Microsoft Visual Studio Solution File, Format Version 12.00
# Visual Studio Version 17
VisualStudioVersion = 17.8.34511.84
MinimumVisualStudioVersion = 10.0.40219.1
Project("{FAE04EC0-301F-11D3-BF4B-00C04F79EFBC}") = "Heranca", "Heranca\Heranca.csproj", "{96BC50AC-5E56-4944-8518-3A15D7D8EE3A}"
EndProject
Global
	GlobalSection(SolutionConfigurationPlatforms) = preSolution
		Debug|Any CPU = Debug|Any CPU
		Release|Any CPU = Release|Any CPU
	EndGlobalSection
	GlobalSection(ProjectConfigurationPlatforms) = postSolution
		{96BC50AC-5E56-4944-8518-3A15D7D8EE3A}.Debug|Any CPU.ActiveCfg = Debug|Any CPU
		{96BC50AC-5E56-4944-8518-3A15D7D8EE3A}.Debug|Any CPU.Build.0 = Debug|Any CPU
		{96BC50AC-5E56-4944-8518-3A15D7D8EE3A}.Release|Any CPU.ActiveCfg = Release|Any CPU
		{96BC50AC-5E56-4944-8518-3A15D7D8EE3A}.Release|Any CPU.Build.0 = Release|Any CPU
	EndGlobalSection
	GlobalSection(SolutionProperties) = preSolution
		HideSolutionNode = FALSE
	EndGlobalSection
	GlobalSection(ExtensibilityGlobals) = postSolution
		SolutionGuid = {75CBBB41-9A1A-42CB-AB6E-65BBD37103B3}
	EndGlobalSection
EndGlobal
