
Microsoft Visual Studio Solution File, Format Version 12.00
# Visual Studio Version 17
VisualStudioVersion = 17.8.34511.84
MinimumVisualStudioVersion = 10.0.40219.1
Project("{FAE04EC0-301F-11D3-BF4B-00C04F79EFBC}") = "HerancaEComposicao", "HerancaEComposicao\HerancaEComposicao.csproj", "{620DE8B7-FB5A-47B2-A3E1-F9D31850F8BC}"
EndProject
Global
	GlobalSection(SolutionConfigurationPlatforms) = preSolution
		Debug|Any CPU = Debug|Any CPU
		Release|Any CPU = Release|Any CPU
	EndGlobalSection
	GlobalSection(ProjectConfigurationPlatforms) = postSolution
		{620DE8B7-FB5A-47B2-A3E1-F9D31850F8BC}.Debug|Any CPU.ActiveCfg = Debug|Any CPU
		{620DE8B7-FB5A-47B2-A3E1-F9D31850F8BC}.Debug|Any CPU.Build.0 = Debug|Any CPU
		{620DE8B7-FB5A-47B2-A3E1-F9D31850F8BC}.Release|Any CPU.ActiveCfg = Release|Any CPU
		{620DE8B7-FB5A-47B2-A3E1-F9D31850F8BC}.Release|Any CPU.Build.0 = Release|Any CPU
	EndGlobalSection
	GlobalSection(SolutionProperties) = preSolution
		HideSolutionNode = FALSE
	EndGlobalSection
	GlobalSection(ExtensibilityGlobals) = postSolution
		SolutionGuid = {C21B8FF3-E19B-4B76-8C35-38AAB77099D9}
	EndGlobalSection
EndGlobal
